
Microsoft Visual Studio Solution File, Format Version 12.00
# Visual Studio Version 17
VisualStudioVersion = 17.6.33723.286
MinimumVisualStudioVersion = 10.0.40219.1
Project("{FAE04EC0-301F-11D3-BF4B-00C04F79EFBC}") = "MUSM-api-MVCwebapp", "MUSM-api-MVCwebapp\MUSM-api-MVCwebapp.csproj", "{B29448D7-AC24-412C-A4BD-75BD0117A945}"
EndProject
Global
	GlobalSection(SolutionConfigurationPlatforms) = preSolution
		Debug|Any CPU = Debug|Any CPU
		Release|Any CPU = Release|Any CPU
	EndGlobalSection
	GlobalSection(ProjectConfigurationPlatforms) = postSolution
		{B29448D7-AC24-412C-A4BD-75BD0117A945}.Debug|Any CPU.ActiveCfg = Debug|Any CPU
		{B29448D7-AC24-412C-A4BD-75BD0117A945}.Debug|Any CPU.Build.0 = Debug|Any CPU
		{B29448D7-AC24-412C-A4BD-75BD0117A945}.Release|Any CPU.ActiveCfg = Release|Any CPU
		{B29448D7-AC24-412C-A4BD-75BD0117A945}.Release|Any CPU.Build.0 = Release|Any CPU
	EndGlobalSection
	GlobalSection(SolutionProperties) = preSolution
		HideSolutionNode = FALSE
	EndGlobalSection
	GlobalSection(ExtensibilityGlobals) = postSolution
		SolutionGuid = {BF590C67-A187-4A5B-B978-6F798E96CD09}
	EndGlobalSection
EndGlobal
